// !$*UTF8*$!
{
	archiveVersion = 1;
	classes = {
	};
	objectVersion = 50;
	objects = {

/* Begin PBXBuildFile section */
		4BBE4C7A270F97C00038C5DF /* BirthdayCell.swift in Sources */ = {isa = PBXBuildFile; fileRef = 4BBE4C79270F97C00038C5DF /* BirthdayCell.swift */; };
		4BC4055826F5453F002BA1FB /* Birthday_ReminderApp.swift in Sources */ = {isa = PBXBuildFile; fileRef = 4BC4055726F5453F002BA1FB /* Birthday_ReminderApp.swift */; };
		4BC4055A26F5453F002BA1FB /* ContentView.swift in Sources */ = {isa = PBXBuildFile; fileRef = 4BC4055926F5453F002BA1FB /* ContentView.swift */; };
		4BC4055C26F54540002BA1FB /* Assets.xcassets in Resources */ = {isa = PBXBuildFile; fileRef = 4BC4055B26F54540002BA1FB /* Assets.xcassets */; };
		4BC4055F26F54540002BA1FB /* Preview Assets.xcassets in Resources */ = {isa = PBXBuildFile; fileRef = 4BC4055E26F54540002BA1FB /* Preview Assets.xcassets */; };
		4BC4056726F547C2002BA1FB /* Birthday.swift in Sources */ = {isa = PBXBuildFile; fileRef = 4BC4056626F547C2002BA1FB /* Birthday.swift */; };
		4BC4056926F548FC002BA1FB /* BirthdayStore.swift in Sources */ = {isa = PBXBuildFile; fileRef = 4BC4056826F548FC002BA1FB /* BirthdayStore.swift */; };
		4BC4056B26F5499F002BA1FB /* BirthdayDetail.swift in Sources */ = {isa = PBXBuildFile; fileRef = 4BC4056A26F5499F002BA1FB /* BirthdayDetail.swift */; };
		4BC4056E26F6948B002BA1FB /* BirthdayDate.swift in Sources */ = {isa = PBXBuildFile; fileRef = 4BC4056D26F6948B002BA1FB /* BirthdayDate.swift */; };
/* End PBXBuildFile section */

/* Begin PBXFileReference section */
		4BBE4C79270F97C00038C5DF /* BirthdayCell.swift */ = {isa = PBXFileReference; lastKnownFileType = sourcecode.swift; path = BirthdayCell.swift; sourceTree = "<group>"; };
		4BC4055426F5453F002BA1FB /* Birthday Reminder.app */ = {isa = PBXFileReference; explicitFileType = wrapper.application; includeInIndex = 0; path = "Birthday Reminder.app"; sourceTree = BUILT_PRODUCTS_DIR; };
		4BC4055726F5453F002BA1FB /* Birthday_ReminderApp.swift */ = {isa = PBXFileReference; lastKnownFileType = sourcecode.swift; path = Birthday_ReminderApp.swift; sourceTree = "<group>"; };
		4BC4055926F5453F002BA1FB /* ContentView.swift */ = {isa = PBXFileReference; lastKnownFileType = sourcecode.swift; path = ContentView.swift; sourceTree = "<group>"; };
		4BC4055B26F54540002BA1FB /* Assets.xcassets */ = {isa = PBXFileReference; lastKnownFileType = folder.assetcatalog; path = Assets.xcassets; sourceTree = "<group>"; };
		4BC4055E26F54540002BA1FB /* Preview Assets.xcassets */ = {isa = PBXFileReference; lastKnownFileType = folder.assetcatalog; path = "Preview Assets.xcassets"; sourceTree = "<group>"; };
		4BC4056026F54540002BA1FB /* Info.plist */ = {isa = PBXFileReference; lastKnownFileType = text.plist.xml; path = Info.plist; sourceTree = "<group>"; };
		4BC4056626F547C2002BA1FB /* Birthday.swift */ = {isa = PBXFileReference; lastKnownFileType = sourcecode.swift; path = Birthday.swift; sourceTree = "<group>"; };
		4BC4056826F548FC002BA1FB /* BirthdayStore.swift */ = {isa = PBXFileReference; lastKnownFileType = sourcecode.swift; path = BirthdayStore.swift; sourceTree = "<group>"; };
		4BC4056A26F5499F002BA1FB /* BirthdayDetail.swift */ = {isa = PBXFileReference; lastKnownFileType = sourcecode.swift; path = BirthdayDetail.swift; sourceTree = "<group>"; };
		4BC4056C26F62C47002BA1FB /* MyPlayground.playground */ = {isa = PBXFileReference; lastKnownFileType = file.playground; path = MyPlayground.playground; sourceTree = "<group>"; xcLanguageSpecificationIdentifier = xcode.lang.swift; };
		4BC4056D26F6948B002BA1FB /* BirthdayDate.swift */ = {isa = PBXFileReference; lastKnownFileType = sourcecode.swift; path = BirthdayDate.swift; sourceTree = "<group>"; };
/* End PBXFileReference section */

/* Begin PBXFrameworksBuildPhase section */
		4BC4055126F5453F002BA1FB /* Frameworks */ = {
			isa = PBXFrameworksBuildPhase;
			buildActionMask = 2147483647;
			files = (
			);
			runOnlyForDeploymentPostprocessing = 0;
		};
/* End PBXFrameworksBuildPhase section */

/* Begin PBXGroup section */
		4BBE4C73270F96040038C5DF /* Views */ = {
			isa = PBXGroup;
			children = (
				4BC4056A26F5499F002BA1FB /* BirthdayDetail.swift */,
				4BBE4C79270F97C00038C5DF /* BirthdayCell.swift */,
			);
			path = Views;
			sourceTree = "<group>";
		};
		4BBE4C74270F96170038C5DF /* Data */ = {
			isa = PBXGroup;
			children = (
				4BC4056626F547C2002BA1FB /* Birthday.swift */,
				4BC4056826F548FC002BA1FB /* BirthdayStore.swift */,
				4BC4056D26F6948B002BA1FB /* BirthdayDate.swift */,
			);
			path = Data;
			sourceTree = "<group>";
		};
		4BC4054B26F5453F002BA1FB = {
			isa = PBXGroup;
			children = (
				4BC4056C26F62C47002BA1FB /* MyPlayground.playground */,
				4BC4055626F5453F002BA1FB /* Birthday Reminder */,
				4BC4055526F5453F002BA1FB /* Products */,
			);
			sourceTree = "<group>";
		};
		4BC4055526F5453F002BA1FB /* Products */ = {
			isa = PBXGroup;
			children = (
				4BC4055426F5453F002BA1FB /* Birthday Reminder.app */,
			);
			name = Products;
			sourceTree = "<group>";
		};
		4BC4055626F5453F002BA1FB /* Birthday Reminder */ = {
			isa = PBXGroup;
			children = (
				4BBE4C74270F96170038C5DF /* Data */,
				4BBE4C73270F96040038C5DF /* Views */,
				4BC4055726F5453F002BA1FB /* Birthday_ReminderApp.swift */,
				4BC4055926F5453F002BA1FB /* ContentView.swift */,
				4BC4055B26F54540002BA1FB /* Assets.xcassets */,
				4BC4056026F54540002BA1FB /* Info.plist */,
				4BC4055D26F54540002BA1FB /* Preview Content */,
			);
			path = "Birthday Reminder";
			sourceTree = "<group>";
		};
		4BC4055D26F54540002BA1FB /* Preview Content */ = {
			isa = PBXGroup;
			children = (
				4BC4055E26F54540002BA1FB /* Preview Assets.xcassets */,
			);
			path = "Preview Content";
			sourceTree = "<group>";
		};
/* End PBXGroup section */

/* Begin PBXNativeTarget section */
		4BC4055326F5453F002BA1FB /* Birthday Reminder */ = {
			isa = PBXNativeTarget;
			buildConfigurationList = 4BC4056326F54540002BA1FB /* Build configuration list for PBXNativeTarget "Birthday Reminder" */;
			buildPhases = (
				4BC4055026F5453F002BA1FB /* Sources */,
				4BC4055126F5453F002BA1FB /* Frameworks */,
				4BC4055226F5453F002BA1FB /* Resources */,
			);
			buildRules = (
			);
			dependencies = (
			);
			name = "Birthday Reminder";
			productName = "Birthday Reminder";
			productReference = 4BC4055426F5453F002BA1FB /* Birthday Reminder.app */;
			productType = "com.apple.product-type.application";
		};
/* End PBXNativeTarget section */

/* Begin PBXProject section */
		4BC4054C26F5453F002BA1FB /* Project object */ = {
			isa = PBXProject;
			attributes = {
				LastSwiftUpdateCheck = 1250;
				LastUpgradeCheck = 1250;
				TargetAttributes = {
					4BC4055326F5453F002BA1FB = {
						CreatedOnToolsVersion = 12.5.1;
					};
				};
			};
			buildConfigurationList = 4BC4054F26F5453F002BA1FB /* Build configuration list for PBXProject "Birthday Reminder" */;
			compatibilityVersion = "Xcode 9.3";
			developmentRegion = en;
			hasScannedForEncodings = 0;
			knownRegions = (
				en,
				Base,
			);
			mainGroup = 4BC4054B26F5453F002BA1FB;
			productRefGroup = 4BC4055526F5453F002BA1FB /* Products */;
			projectDirPath = "";
			projectRoot = "";
			targets = (
				4BC4055326F5453F002BA1FB /* Birthday Reminder */,
			);
		};
/* End PBXProject section */

/* Begin PBXResourcesBuildPhase section */
		4BC4055226F5453F002BA1FB /* Resources */ = {
			isa = PBXResourcesBuildPhase;
			buildActionMask = 2147483647;
			files = (
				4BC4055F26F54540002BA1FB /* Preview Assets.xcassets in Resources */,
				4BC4055C26F54540002BA1FB /* Assets.xcassets in Resources */,
			);
			runOnlyForDeploymentPostprocessing = 0;
		};
/* End PBXResourcesBuildPhase section */

/* Begin PBXSourcesBuildPhase section */
		4BC4055026F5453F002BA1FB /* Sources */ = {
			isa = PBXSourcesBuildPhase;
			buildActionMask = 2147483647;
			files = (
				4BC4055A26F5453F002BA1FB /* ContentView.swift in Sources */,
				4BBE4C7A270F97C00038C5DF /* BirthdayCell.swift in Sources */,
				4BC4055826F5453F002BA1FB /* Birthday_ReminderApp.swift in Sources */,
				4BC4056926F548FC002BA1FB /* BirthdayStore.swift in Sources */,
				4BC4056B26F5499F002BA1FB /* BirthdayDetail.swift in Sources */,
				4BC4056E26F6948B002BA1FB /* BirthdayDate.swift in Sources */,
				4BC4056726F547C2002BA1FB /* Birthday.swift in Sources */,
			);
			runOnlyForDeploymentPostprocessing = 0;
		};
/* End PBXSourcesBuildPhase section */

/* Begin XCBuildConfiguration section */
		4BC4056126F54540002BA1FB /* Debug */ = {
			isa = XCBuildConfiguration;
			buildSettings = {
				ALWAYS_SEARCH_USER_PATHS = NO;
				CLANG_ANALYZER_NONNULL = YES;
				CLANG_ANALYZER_NUMBER_OBJECT_CONVERSION = YES_AGGRESSIVE;
				CLANG_CXX_LANGUAGE_STANDARD = "gnu++14";
				CLANG_CXX_LIBRARY = "libc++";
				CLANG_ENABLE_MODULES = YES;
				CLANG_ENABLE_OBJC_ARC = YES;
				CLANG_ENABLE_OBJC_WEAK = YES;
				CLANG_WARN_BLOCK_CAPTURE_AUTORELEASING = YES;
				CLANG_WARN_BOOL_CONVERSION = YES;
				CLANG_WARN_COMMA = YES;
				CLANG_WARN_CONSTANT_CONVERSION = YES;
				CLANG_WARN_DEPRECATED_OBJC_IMPLEMENTATIONS = YES;
				CLANG_WARN_DIRECT_OBJC_ISA_USAGE = YES_ERROR;
				CLANG_WARN_DOCUMENTATION_COMMENTS = YES;
				CLANG_WARN_EMPTY_BODY = YES;
				CLANG_WARN_ENUM_CONVERSION = YES;
				CLANG_WARN_INFINITE_RECURSION = YES;
				CLANG_WARN_INT_CONVERSION = YES;
				CLANG_WARN_NON_LITERAL_NULL_CONVERSION = YES;
				CLANG_WARN_OBJC_IMPLICIT_RETAIN_SELF = YES;
				CLANG_WARN_OBJC_LITERAL_CONVERSION = YES;
				CLANG_WARN_OBJC_ROOT_CLASS = YES_ERROR;
				CLANG_WARN_QUOTED_INCLUDE_IN_FRAMEWORK_HEADER = YES;
				CLANG_WARN_RANGE_LOOP_ANALYSIS = YES;
				CLANG_WARN_STRICT_PROTOTYPES = YES;
				CLANG_WARN_SUSPICIOUS_MOVE = YES;
				CLANG_WARN_UNGUARDED_AVAILABILITY = YES_AGGRESSIVE;
				CLANG_WARN_UNREACHABLE_CODE = YES;
				CLANG_WARN__DUPLICATE_METHOD_MATCH = YES;
				COPY_PHASE_STRIP = NO;
				DEBUG_INFORMATION_FORMAT = dwarf;
				ENABLE_STRICT_OBJC_MSGSEND = YES;
				ENABLE_TESTABILITY = YES;
				GCC_C_LANGUAGE_STANDARD = gnu11;
				GCC_DYNAMIC_NO_PIC = NO;
				GCC_NO_COMMON_BLOCKS = YES;
				GCC_OPTIMIZATION_LEVEL = 0;
				GCC_PREPROCESSOR_DEFINITIONS = (
					"DEBUG=1",
					"$(inherited)",
				);
				GCC_WARN_64_TO_32_BIT_CONVERSION = YES;
				GCC_WARN_ABOUT_RETURN_TYPE = YES_ERROR;
				GCC_WARN_UNDECLARED_SELECTOR = YES;
				GCC_WARN_UNINITIALIZED_AUTOS = YES_AGGRESSIVE;
				GCC_WARN_UNUSED_FUNCTION = YES;
				GCC_WARN_UNUSED_VARIABLE = YES;
				IPHONEOS_DEPLOYMENT_TARGET = 14.5;
				MTL_ENABLE_DEBUG_INFO = INCLUDE_SOURCE;
				MTL_FAST_MATH = YES;
				ONLY_ACTIVE_ARCH = YES;
				SDKROOT = iphoneos;
				SWIFT_ACTIVE_COMPILATION_CONDITIONS = DEBUG;
				SWIFT_OPTIMIZATION_LEVEL = "-Onone";
			};
			name = Debug;
		};
		4BC4056226F54540002BA1FB /* Release */ = {
			isa = XCBuildConfiguration;
			buildSettings = {
				ALWAYS_SEARCH_USER_PATHS = NO;
				CLANG_ANALYZER_NONNULL = YES;
				CLANG_ANALYZER_NUMBER_OBJECT_CONVERSION = YES_AGGRESSIVE;
				CLANG_CXX_LANGUAGE_STANDARD = "gnu++14";
				CLANG_CXX_LIBRARY = "libc++";
				CLANG_ENABLE_MODULES = YES;
				CLANG_ENABLE_OBJC_ARC = YES;
				CLANG_ENABLE_OBJC_WEAK = YES;
				CLANG_WARN_BLOCK_CAPTURE_AUTORELEASING = YES;
				CLANG_WARN_BOOL_CONVERSION = YES;
				CLANG_WARN_COMMA = YES;
				CLANG_WARN_CONSTANT_CONVERSION = YES;
				CLANG_WARN_DEPRECATED_OBJC_IMPLEMENTATIONS = YES;
				CLANG_WARN_DIRECT_OBJC_ISA_USAGE = YES_ERROR;
				CLANG_WARN_DOCUMENTATION_COMMENTS = YES;
				CLANG_WARN_EMPTY_BODY = YES;
				CLANG_WARN_ENUM_CONVERSION = YES;
				CLANG_WARN_INFINITE_RECURSION = YES;
				CLANG_WARN_INT_CONVERSION = YES;
				CLANG_WARN_NON_LITERAL_NULL_CONVERSION = YES;
				CLANG_WARN_OBJC_IMPLICIT_RETAIN_SELF = YES;
				CLANG_WARN_OBJC_LITERAL_CONVERSION = YES;
				CLANG_WARN_OBJC_ROOT_CLASS = YES_ERROR;
				CLANG_WARN_QUOTED_INCLUDE_IN_FRAMEWORK_HEADER = YES;
				CLANG_WARN_RANGE_LOOP_ANALYSIS = YES;
				CLANG_WARN_STRICT_PROTOTYPES = YES;
				CLANG_WARN_SUSPICIOUS_MOVE = YES;
				CLANG_WARN_UNGUARDED_AVAILABILITY = YES_AGGRESSIVE;
				CLANG_WARN_UNREACHABLE_CODE = YES;
				CLANG_WARN__DUPLICATE_METHOD_MATCH = YES;
				COPY_PHASE_STRIP = NO;
				DEBUG_INFORMATION_FORMAT = "dwarf-with-dsym";
				ENABLE_NS_ASSERTIONS = NO;
				ENABLE_STRICT_OBJC_MSGSEND = YES;
				GCC_C_LANGUAGE_STANDARD = gnu11;
				GCC_NO_COMMON_BLOCKS = YES;
				GCC_WARN_64_TO_32_BIT_CONVERSION = YES;
				GCC_WARN_ABOUT_RETURN_TYPE = YES_ERROR;
				GCC_WARN_UNDECLARED_SELECTOR = YES;
				GCC_WARN_UNINITIALIZED_AUTOS = YES_AGGRESSIVE;
				GCC_WARN_UNUSED_FUNCTION = YES;
				GCC_WARN_UNUSED_VARIABLE = YES;
				IPHONEOS_DEPLOYMENT_TARGET = 14.5;
				MTL_ENABLE_DEBUG_INFO = NO;
				MTL_FAST_MATH = YES;
				SDKROOT = iphoneos;
				SWIFT_COMPILATION_MODE = wholemodule;
				SWIFT_OPTIMIZATION_LEVEL = "-O";
				VALIDATE_PRODUCT = YES;
			};
			name = Release;
		};
		4BC4056426F54540002BA1FB /* Debug */ = {
			isa = XCBuildConfiguration;
			buildSettings = {
				ASSETCATALOG_COMPILER_APPICON_NAME = AppIcon;
				ASSETCATALOG_COMPILER_GLOBAL_ACCENT_COLOR_NAME = AccentColor;
				CODE_SIGN_STYLE = Automatic;
				DEVELOPMENT_ASSET_PATHS = "\"Birthday Reminder/Preview Content\"";
				DEVELOPMENT_TEAM = ZQ9QM5K92D;
				ENABLE_PREVIEWS = YES;
				INFOPLIST_FILE = "Birthday Reminder/Info.plist";
				IPHONEOS_DEPLOYMENT_TARGET = 14.0;
				LD_RUNPATH_SEARCH_PATHS = (
					"$(inherited)",
					"@executable_path/Frameworks",
				);
				PRODUCT_BUNDLE_IDENTIFIER = "de.timo-reusch.Birthday-Reminder";
				PRODUCT_NAME = "$(TARGET_NAME)";
				SWIFT_VERSION = 5.0;
				TARGETED_DEVICE_FAMILY = "1,2";
			};
			name = Debug;
		};
		4BC4056526F54540002BA1FB /* Release */ = {
			isa = XCBuildConfiguration;
			buildSettings = {
				ASSETCATALOG_COMPILER_APPICON_NAME = AppIcon;
				ASSETCATALOG_COMPILER_GLOBAL_ACCENT_COLOR_NAME = AccentColor;
				CODE_SIGN_STYLE = Automatic;
				DEVELOPMENT_ASSET_PATHS = "\"Birthday Reminder/Preview Content\"";
				DEVELOPMENT_TEAM = ZQ9QM5K92D;
				ENABLE_PREVIEWS = YES;
				INFOPLIST_FILE = "Birthday Reminder/Info.plist";
				IPHONEOS_DEPLOYMENT_TARGET = 14.0;
				LD_RUNPATH_SEARCH_PATHS = (
					"$(inherited)",
					"@executable_path/Frameworks",
				);
				PRODUCT_BUNDLE_IDENTIFIER = "de.timo-reusch.Birthday-Reminder";
				PRODUCT_NAME = "$(TARGET_NAME)";
				SWIFT_VERSION = 5.0;
				TARGETED_DEVICE_FAMILY = "1,2";
			};
			name = Release;
		};
/* End XCBuildConfiguration section */

/* Begin XCConfigurationList section */
		4BC4054F26F5453F002BA1FB /* Build configuration list for PBXProject "Birthday Reminder" */ = {
			isa = XCConfigurationList;
			buildConfigurations = (
				4BC4056126F54540002BA1FB /* Debug */,
				4BC4056226F54540002BA1FB /* Release */,
			);
			defaultConfigurationIsVisible = 0;
			defaultConfigurationName = Release;
		};
		4BC4056326F54540002BA1FB /* Build configuration list for PBXNativeTarget "Birthday Reminder" */ = {
			isa = XCConfigurationList;
			buildConfigurations = (
				4BC4056426F54540002BA1FB /* Debug */,
				4BC4056526F54540002BA1FB /* Release */,
			);
			defaultConfigurationIsVisible = 0;
			defaultConfigurationName = Release;
		};
/* End XCConfigurationList section */
	};
	rootObject = 4BC4054C26F5453F002BA1FB /* Project object */;
}
