// !$*UTF8*$!
{
	archiveVersion = 1;
	classes = {
	};
	objectVersion = 52;
	objects = {

/* Begin PBXBuildFile section */
		4B10FF14277FE3F5003889B9 /* LocalizationExtension.swift in Sources */ = {isa = PBXBuildFile; fileRef = 4B10FF13277FE3F5003889B9 /* LocalizationExtension.swift */; };
		4B1820AC2777B89300882736 /* Lottie in Frameworks */ = {isa = PBXBuildFile; productRef = 4B1820AB2777B89300882736 /* Lottie */; };
		4B1820AE2777B8DE00882736 /* LottieView.swift in Sources */ = {isa = PBXBuildFile; fileRef = 4B1820AD2777B8DE00882736 /* LottieView.swift */; };
		4B1820B02777BD5700882736 /* birthdayAnimation.json in Resources */ = {isa = PBXBuildFile; fileRef = 4B1820AF2777BD5700882736 /* birthdayAnimation.json */; };
		4B1820B42777E9AF00882736 /* OnboardingView.swift in Sources */ = {isa = PBXBuildFile; fileRef = 4B1820B32777E9AF00882736 /* OnboardingView.swift */; };
		4B1820B62777F46900882736 /* dataPrivacyAnimation.json in Resources */ = {isa = PBXBuildFile; fileRef = 4B1820B52777F46900882736 /* dataPrivacyAnimation.json */; };
		4B1820B82777F6D200882736 /* notificationAnimation.json in Resources */ = {isa = PBXBuildFile; fileRef = 4B1820B72777F6D200882736 /* notificationAnimation.json */; };
		4B3B096627790BE5006962D4 /* NotificationManager.swift in Sources */ = {isa = PBXBuildFile; fileRef = 4B3B096527790BE5006962D4 /* NotificationManager.swift */; };
		4B3E6E6B2773F882006C60D0 /* birthdayModel.xcdatamodeld in Sources */ = {isa = PBXBuildFile; fileRef = 4B3E6E692773F882006C60D0 /* birthdayModel.xcdatamodeld */; };
		4B3E6E6D2773F8C7006C60D0 /* PersistenceController.swift in Sources */ = {isa = PBXBuildFile; fileRef = 4B3E6E6C2773F8C7006C60D0 /* PersistenceController.swift */; };
		4B3E6E712774025E006C60D0 /* HomeView.swift in Sources */ = {isa = PBXBuildFile; fileRef = 4B3E6E702774025E006C60D0 /* HomeView.swift */; };
		4B3E6E732774072C006C60D0 /* BirthdayDetailView.swift in Sources */ = {isa = PBXBuildFile; fileRef = 4B3E6E722774072C006C60D0 /* BirthdayDetailView.swift */; };
		4BBE071727176B8E003AE083 /* BirthdayDateFormatter.swift in Sources */ = {isa = PBXBuildFile; fileRef = 4BBE071627176B8E003AE083 /* BirthdayDateFormatter.swift */; };
		4BBE071927176D48003AE083 /* daysTillBirthday.swift in Sources */ = {isa = PBXBuildFile; fileRef = 4BBE071827176D48003AE083 /* daysTillBirthday.swift */; };
		4BBE071B27176F9E003AE083 /* isBirthdayToday.swift in Sources */ = {isa = PBXBuildFile; fileRef = 4BBE071A27176F9E003AE083 /* isBirthdayToday.swift */; };
		4BC4055826F5453F002BA1FB /* Birthday_ReminderApp.swift in Sources */ = {isa = PBXBuildFile; fileRef = 4BC4055726F5453F002BA1FB /* Birthday_ReminderApp.swift */; };
		4BC4055A26F5453F002BA1FB /* ContentView.swift in Sources */ = {isa = PBXBuildFile; fileRef = 4BC4055926F5453F002BA1FB /* ContentView.swift */; };
		4BC4055C26F54540002BA1FB /* Assets.xcassets in Resources */ = {isa = PBXBuildFile; fileRef = 4BC4055B26F54540002BA1FB /* Assets.xcassets */; };
		4BC4055F26F54540002BA1FB /* Preview Assets.xcassets in Resources */ = {isa = PBXBuildFile; fileRef = 4BC4055E26F54540002BA1FB /* Preview Assets.xcassets */; };
		4BC6BB44277F9B3300F2231E /* Localizable.strings in Resources */ = {isa = PBXBuildFile; fileRef = 4BC6BB46277F9B3300F2231E /* Localizable.strings */; };
		4BE33F8E27792FB500184B29 /* SettingsListItemView.swift in Sources */ = {isa = PBXBuildFile; fileRef = 4BE33F8D27792FB500184B29 /* SettingsListItemView.swift */; };
		4BE33F99277948A500184B29 /* LegalView.swift in Sources */ = {isa = PBXBuildFile; fileRef = 4BE33F98277948A500184B29 /* LegalView.swift */; };
		4BE6C8F3271218030040A34D /* AddBirthdayView.swift in Sources */ = {isa = PBXBuildFile; fileRef = 4BE6C8F2271218030040A34D /* AddBirthdayView.swift */; };
		4BF23D172714F09B005D93DC /* SettingsView.swift in Sources */ = {isa = PBXBuildFile; fileRef = 4BF23D162714F09B005D93DC /* SettingsView.swift */; };
		4BF7C3FA2777644200794A54 /* NSDateExtension.swift in Sources */ = {isa = PBXBuildFile; fileRef = 4BF7C3F92777644200794A54 /* NSDateExtension.swift */; };
/* End PBXBuildFile section */

/* Begin PBXFileReference section */
		4B10FF13277FE3F5003889B9 /* LocalizationExtension.swift */ = {isa = PBXFileReference; lastKnownFileType = sourcecode.swift; path = LocalizationExtension.swift; sourceTree = "<group>"; };
		4B1820AD2777B8DE00882736 /* LottieView.swift */ = {isa = PBXFileReference; lastKnownFileType = sourcecode.swift; path = LottieView.swift; sourceTree = "<group>"; };
		4B1820AF2777BD5700882736 /* birthdayAnimation.json */ = {isa = PBXFileReference; fileEncoding = 4; lastKnownFileType = text.json; path = birthdayAnimation.json; sourceTree = "<group>"; };
		4B1820B32777E9AF00882736 /* OnboardingView.swift */ = {isa = PBXFileReference; lastKnownFileType = sourcecode.swift; path = OnboardingView.swift; sourceTree = "<group>"; };
		4B1820B52777F46900882736 /* dataPrivacyAnimation.json */ = {isa = PBXFileReference; fileEncoding = 4; lastKnownFileType = text.json; path = dataPrivacyAnimation.json; sourceTree = "<group>"; };
		4B1820B72777F6D200882736 /* notificationAnimation.json */ = {isa = PBXFileReference; fileEncoding = 4; lastKnownFileType = text.json; path = notificationAnimation.json; sourceTree = "<group>"; };
		4B3B096527790BE5006962D4 /* NotificationManager.swift */ = {isa = PBXFileReference; lastKnownFileType = sourcecode.swift; path = NotificationManager.swift; sourceTree = "<group>"; };
		4B3E6E1E2773EF81006C60D0 /* CoreData.framework */ = {isa = PBXFileReference; lastKnownFileType = wrapper.framework; name = CoreData.framework; path = System/Library/Frameworks/CoreData.framework; sourceTree = SDKROOT; };
		4B3E6E6A2773F882006C60D0 /* birthdayModel.xcdatamodel */ = {isa = PBXFileReference; lastKnownFileType = wrapper.xcdatamodel; path = birthdayModel.xcdatamodel; sourceTree = "<group>"; };
		4B3E6E6C2773F8C7006C60D0 /* PersistenceController.swift */ = {isa = PBXFileReference; lastKnownFileType = sourcecode.swift; path = PersistenceController.swift; sourceTree = "<group>"; };
		4B3E6E702774025E006C60D0 /* HomeView.swift */ = {isa = PBXFileReference; lastKnownFileType = sourcecode.swift; path = HomeView.swift; sourceTree = "<group>"; };
		4B3E6E722774072C006C60D0 /* BirthdayDetailView.swift */ = {isa = PBXFileReference; lastKnownFileType = sourcecode.swift; path = BirthdayDetailView.swift; sourceTree = "<group>"; };
		4BBE071627176B8E003AE083 /* BirthdayDateFormatter.swift */ = {isa = PBXFileReference; lastKnownFileType = sourcecode.swift; path = BirthdayDateFormatter.swift; sourceTree = "<group>"; };
		4BBE071827176D48003AE083 /* daysTillBirthday.swift */ = {isa = PBXFileReference; lastKnownFileType = sourcecode.swift; path = daysTillBirthday.swift; sourceTree = "<group>"; };
		4BBE071A27176F9E003AE083 /* isBirthdayToday.swift */ = {isa = PBXFileReference; lastKnownFileType = sourcecode.swift; path = isBirthdayToday.swift; sourceTree = "<group>"; };
		4BC4055426F5453F002BA1FB /* Birthday Reminder.app */ = {isa = PBXFileReference; explicitFileType = wrapper.application; includeInIndex = 0; path = "Birthday Reminder.app"; sourceTree = BUILT_PRODUCTS_DIR; };
		4BC4055726F5453F002BA1FB /* Birthday_ReminderApp.swift */ = {isa = PBXFileReference; lastKnownFileType = sourcecode.swift; path = Birthday_ReminderApp.swift; sourceTree = "<group>"; };
		4BC4055926F5453F002BA1FB /* ContentView.swift */ = {isa = PBXFileReference; lastKnownFileType = sourcecode.swift; path = ContentView.swift; sourceTree = "<group>"; };
		4BC4055B26F54540002BA1FB /* Assets.xcassets */ = {isa = PBXFileReference; lastKnownFileType = folder.assetcatalog; path = Assets.xcassets; sourceTree = "<group>"; };
		4BC4055E26F54540002BA1FB /* Preview Assets.xcassets */ = {isa = PBXFileReference; lastKnownFileType = folder.assetcatalog; path = "Preview Assets.xcassets"; sourceTree = "<group>"; };
		4BC4056026F54540002BA1FB /* Info.plist */ = {isa = PBXFileReference; lastKnownFileType = text.plist.xml; path = Info.plist; sourceTree = "<group>"; };
		4BC6BB45277F9B3300F2231E /* en */ = {isa = PBXFileReference; lastKnownFileType = text.plist.strings; name = en; path = en.lproj/Localizable.strings; sourceTree = "<group>"; };
		4BC6BB47277F9B3500F2231E /* de */ = {isa = PBXFileReference; lastKnownFileType = text.plist.strings; name = de; path = de.lproj/Localizable.strings; sourceTree = "<group>"; };
		4BE33F8D27792FB500184B29 /* SettingsListItemView.swift */ = {isa = PBXFileReference; lastKnownFileType = sourcecode.swift; path = SettingsListItemView.swift; sourceTree = "<group>"; };
		4BE33F98277948A500184B29 /* LegalView.swift */ = {isa = PBXFileReference; lastKnownFileType = sourcecode.swift; path = LegalView.swift; sourceTree = "<group>"; };
		4BE6C8F2271218030040A34D /* AddBirthdayView.swift */ = {isa = PBXFileReference; lastKnownFileType = sourcecode.swift; path = AddBirthdayView.swift; sourceTree = "<group>"; };
		4BF23D162714F09B005D93DC /* SettingsView.swift */ = {isa = PBXFileReference; lastKnownFileType = sourcecode.swift; path = SettingsView.swift; sourceTree = "<group>"; };
		4BF7C3F92777644200794A54 /* NSDateExtension.swift */ = {isa = PBXFileReference; lastKnownFileType = sourcecode.swift; path = NSDateExtension.swift; sourceTree = "<group>"; };
/* End PBXFileReference section */

/* Begin PBXFrameworksBuildPhase section */
		4BC4055126F5453F002BA1FB /* Frameworks */ = {
			isa = PBXFrameworksBuildPhase;
			buildActionMask = 2147483647;
			files = (
				4B1820AC2777B89300882736 /* Lottie in Frameworks */,
			);
			runOnlyForDeploymentPostprocessing = 0;
		};
/* End PBXFrameworksBuildPhase section */

/* Begin PBXGroup section */
		4B1820B12777BD6900882736 /* LottieAnimations */ = {
			isa = PBXGroup;
			children = (
				4B1820AD2777B8DE00882736 /* LottieView.swift */,
				4B1820B72777F6D200882736 /* notificationAnimation.json */,
				4B1820B52777F46900882736 /* dataPrivacyAnimation.json */,
				4B1820AF2777BD5700882736 /* birthdayAnimation.json */,
			);
			path = LottieAnimations;
			sourceTree = "<group>";
		};
		4B3B096427790B7D006962D4 /* Persistence */ = {
			isa = PBXGroup;
			children = (
				4B3E6E6C2773F8C7006C60D0 /* PersistenceController.swift */,
				4B3E6E692773F882006C60D0 /* birthdayModel.xcdatamodeld */,
			);
			path = Persistence;
			sourceTree = "<group>";
		};
		4B3E6E1D2773EF81006C60D0 /* Frameworks */ = {
			isa = PBXGroup;
			children = (
				4B3E6E1E2773EF81006C60D0 /* CoreData.framework */,
			);
			name = Frameworks;
			sourceTree = "<group>";
		};
		4B8840A127177B5500422000 /* Date */ = {
			isa = PBXGroup;
			children = (
				4BF7C3F92777644200794A54 /* NSDateExtension.swift */,
				4BBE071627176B8E003AE083 /* BirthdayDateFormatter.swift */,
				4BBE071827176D48003AE083 /* daysTillBirthday.swift */,
				4BBE071A27176F9E003AE083 /* isBirthdayToday.swift */,
			);
			path = Date;
			sourceTree = "<group>";
		};
		4BBB01EE2777821B00BDCA13 /* Packages */ = {
			isa = PBXGroup;
			children = (
			);
			name = Packages;
			sourceTree = "<group>";
		};
		4BBE4C73270F96040038C5DF /* Views */ = {
			isa = PBXGroup;
			children = (
				4BE33F952779487C00184B29 /* Settings */,
				4B1820B32777E9AF00882736 /* OnboardingView.swift */,
				4B1820B12777BD6900882736 /* LottieAnimations */,
				4BE6C8F2271218030040A34D /* AddBirthdayView.swift */,
				4B3E6E702774025E006C60D0 /* HomeView.swift */,
				4B3E6E722774072C006C60D0 /* BirthdayDetailView.swift */,
			);
			path = Views;
			sourceTree = "<group>";
		};
		4BBE4C74270F96170038C5DF /* Data */ = {
			isa = PBXGroup;
			children = (
				4B3B096427790B7D006962D4 /* Persistence */,
				4B8840A127177B5500422000 /* Date */,
				4B10FF13277FE3F5003889B9 /* LocalizationExtension.swift */,
			);
			path = Data;
			sourceTree = "<group>";
		};
		4BC4054B26F5453F002BA1FB = {
			isa = PBXGroup;
			children = (
				4BBB01EE2777821B00BDCA13 /* Packages */,
				4BC4055626F5453F002BA1FB /* Birthday Reminder */,
				4BC4055526F5453F002BA1FB /* Products */,
				4B3E6E1D2773EF81006C60D0 /* Frameworks */,
			);
			sourceTree = "<group>";
		};
		4BC4055526F5453F002BA1FB /* Products */ = {
			isa = PBXGroup;
			children = (
				4BC4055426F5453F002BA1FB /* Birthday Reminder.app */,
			);
			name = Products;
			sourceTree = "<group>";
		};
		4BC4055626F5453F002BA1FB /* Birthday Reminder */ = {
			isa = PBXGroup;
			children = (
				4BC6BB46277F9B3300F2231E /* Localizable.strings */,
				4BBE4C73270F96040038C5DF /* Views */,
				4BBE4C74270F96170038C5DF /* Data */,
				4BC4055926F5453F002BA1FB /* ContentView.swift */,
				4BC4055726F5453F002BA1FB /* Birthday_ReminderApp.swift */,
				4BC4055B26F54540002BA1FB /* Assets.xcassets */,
				4BC4056026F54540002BA1FB /* Info.plist */,
				4BC4055D26F54540002BA1FB /* Preview Content */,
				4B3B096527790BE5006962D4 /* NotificationManager.swift */,
			);
			path = "Birthday Reminder";
			sourceTree = "<group>";
		};
		4BC4055D26F54540002BA1FB /* Preview Content */ = {
			isa = PBXGroup;
			children = (
				4BC4055E26F54540002BA1FB /* Preview Assets.xcassets */,
			);
			path = "Preview Content";
			sourceTree = "<group>";
		};
		4BE33F952779487C00184B29 /* Settings */ = {
			isa = PBXGroup;
			children = (
				4BF23D162714F09B005D93DC /* SettingsView.swift */,
				4BE33F8D27792FB500184B29 /* SettingsListItemView.swift */,
				4BE33F98277948A500184B29 /* LegalView.swift */,
			);
			path = Settings;
			sourceTree = "<group>";
		};
/* End PBXGroup section */

/* Begin PBXNativeTarget section */
		4BC4055326F5453F002BA1FB /* Birthday Reminder */ = {
			isa = PBXNativeTarget;
			buildConfigurationList = 4BC4056326F54540002BA1FB /* Build configuration list for PBXNativeTarget "Birthday Reminder" */;
			buildPhases = (
				4BC4055026F5453F002BA1FB /* Sources */,
				4BC4055126F5453F002BA1FB /* Frameworks */,
				4BC4055226F5453F002BA1FB /* Resources */,
			);
			buildRules = (
			);
			dependencies = (
			);
			name = "Birthday Reminder";
			packageProductDependencies = (
				4B1820AB2777B89300882736 /* Lottie */,
			);
			productName = "Birthday Reminder";
			productReference = 4BC4055426F5453F002BA1FB /* Birthday Reminder.app */;
			productType = "com.apple.product-type.application";
		};
/* End PBXNativeTarget section */

/* Begin PBXProject section */
		4BC4054C26F5453F002BA1FB /* Project object */ = {
			isa = PBXProject;
			attributes = {
				LastSwiftUpdateCheck = 1250;
				LastUpgradeCheck = 1250;
				TargetAttributes = {
					4BC4055326F5453F002BA1FB = {
						CreatedOnToolsVersion = 12.5.1;
					};
				};
			};
			buildConfigurationList = 4BC4054F26F5453F002BA1FB /* Build configuration list for PBXProject "Birthday Reminder" */;
			compatibilityVersion = "Xcode 9.3";
			developmentRegion = en;
			hasScannedForEncodings = 0;
			knownRegions = (
				en,
				Base,
				de,
			);
			mainGroup = 4BC4054B26F5453F002BA1FB;
			packageReferences = (
				4B1820AA2777B89300882736 /* XCRemoteSwiftPackageReference "lottie-ios" */,
			);
			productRefGroup = 4BC4055526F5453F002BA1FB /* Products */;
			projectDirPath = "";
			projectRoot = "";
			targets = (
				4BC4055326F5453F002BA1FB /* Birthday Reminder */,
			);
		};
/* End PBXProject section */

/* Begin PBXResourcesBuildPhase section */
		4BC4055226F5453F002BA1FB /* Resources */ = {
			isa = PBXResourcesBuildPhase;
			buildActionMask = 2147483647;
			files = (
				4B1820B62777F46900882736 /* dataPrivacyAnimation.json in Resources */,
				4BC6BB44277F9B3300F2231E /* Localizable.strings in Resources */,
				4BC4055F26F54540002BA1FB /* Preview Assets.xcassets in Resources */,
				4B1820B82777F6D200882736 /* notificationAnimation.json in Resources */,
				4B1820B02777BD5700882736 /* birthdayAnimation.json in Resources */,
				4BC4055C26F54540002BA1FB /* Assets.xcassets in Resources */,
			);
			runOnlyForDeploymentPostprocessing = 0;
		};
/* End PBXResourcesBuildPhase section */

/* Begin PBXSourcesBuildPhase section */
		4BC4055026F5453F002BA1FB /* Sources */ = {
			isa = PBXSourcesBuildPhase;
			buildActionMask = 2147483647;
			files = (
				4BF7C3FA2777644200794A54 /* NSDateExtension.swift in Sources */,
				4BE33F99277948A500184B29 /* LegalView.swift in Sources */,
				4BC4055A26F5453F002BA1FB /* ContentView.swift in Sources */,
				4BBE071727176B8E003AE083 /* BirthdayDateFormatter.swift in Sources */,
				4BC4055826F5453F002BA1FB /* Birthday_ReminderApp.swift in Sources */,
				4B3E6E712774025E006C60D0 /* HomeView.swift in Sources */,
				4BF23D172714F09B005D93DC /* SettingsView.swift in Sources */,
				4BE6C8F3271218030040A34D /* AddBirthdayView.swift in Sources */,
				4B3B096627790BE5006962D4 /* NotificationManager.swift in Sources */,
				4B3E6E6D2773F8C7006C60D0 /* PersistenceController.swift in Sources */,
				4B1820AE2777B8DE00882736 /* LottieView.swift in Sources */,
				4BBE071B27176F9E003AE083 /* isBirthdayToday.swift in Sources */,
				4B10FF14277FE3F5003889B9 /* LocalizationExtension.swift in Sources */,
				4BBE071927176D48003AE083 /* daysTillBirthday.swift in Sources */,
				4B3E6E732774072C006C60D0 /* BirthdayDetailView.swift in Sources */,
				4BE33F8E27792FB500184B29 /* SettingsListItemView.swift in Sources */,
				4B3E6E6B2773F882006C60D0 /* birthdayModel.xcdatamodeld in Sources */,
				4B1820B42777E9AF00882736 /* OnboardingView.swift in Sources */,
			);
			runOnlyForDeploymentPostprocessing = 0;
		};
/* End PBXSourcesBuildPhase section */

/* Begin PBXVariantGroup section */
		4BC6BB46277F9B3300F2231E /* Localizable.strings */ = {
			isa = PBXVariantGroup;
			children = (
				4BC6BB45277F9B3300F2231E /* en */,
				4BC6BB47277F9B3500F2231E /* de */,
			);
			name = Localizable.strings;
			sourceTree = "<group>";
		};
/* End PBXVariantGroup section */

/* Begin XCBuildConfiguration section */
		4BC4056126F54540002BA1FB /* Debug */ = {
			isa = XCBuildConfiguration;
			buildSettings = {
				ALWAYS_SEARCH_USER_PATHS = NO;
				CLANG_ANALYZER_NONNULL = YES;
				CLANG_ANALYZER_NUMBER_OBJECT_CONVERSION = YES_AGGRESSIVE;
				CLANG_CXX_LANGUAGE_STANDARD = "gnu++14";
				CLANG_CXX_LIBRARY = "libc++";
				CLANG_ENABLE_MODULES = YES;
				CLANG_ENABLE_OBJC_ARC = YES;
				CLANG_ENABLE_OBJC_WEAK = YES;
				CLANG_WARN_BLOCK_CAPTURE_AUTORELEASING = YES;
				CLANG_WARN_BOOL_CONVERSION = YES;
				CLANG_WARN_COMMA = YES;
				CLANG_WARN_CONSTANT_CONVERSION = YES;
				CLANG_WARN_DEPRECATED_OBJC_IMPLEMENTATIONS = YES;
				CLANG_WARN_DIRECT_OBJC_ISA_USAGE = YES_ERROR;
				CLANG_WARN_DOCUMENTATION_COMMENTS = YES;
				CLANG_WARN_EMPTY_BODY = YES;
				CLANG_WARN_ENUM_CONVERSION = YES;
				CLANG_WARN_INFINITE_RECURSION = YES;
				CLANG_WARN_INT_CONVERSION = YES;
				CLANG_WARN_NON_LITERAL_NULL_CONVERSION = YES;
				CLANG_WARN_OBJC_IMPLICIT_RETAIN_SELF = YES;
				CLANG_WARN_OBJC_LITERAL_CONVERSION = YES;
				CLANG_WARN_OBJC_ROOT_CLASS = YES_ERROR;
				CLANG_WARN_QUOTED_INCLUDE_IN_FRAMEWORK_HEADER = YES;
				CLANG_WARN_RANGE_LOOP_ANALYSIS = YES;
				CLANG_WARN_STRICT_PROTOTYPES = YES;
				CLANG_WARN_SUSPICIOUS_MOVE = YES;
				CLANG_WARN_UNGUARDED_AVAILABILITY = YES_AGGRESSIVE;
				CLANG_WARN_UNREACHABLE_CODE = YES;
				CLANG_WARN__DUPLICATE_METHOD_MATCH = YES;
				COPY_PHASE_STRIP = NO;
				DEBUG_INFORMATION_FORMAT = dwarf;
				ENABLE_STRICT_OBJC_MSGSEND = YES;
				ENABLE_TESTABILITY = YES;
				GCC_C_LANGUAGE_STANDARD = gnu11;
				GCC_DYNAMIC_NO_PIC = NO;
				GCC_NO_COMMON_BLOCKS = YES;
				GCC_OPTIMIZATION_LEVEL = 0;
				GCC_PREPROCESSOR_DEFINITIONS = (
					"DEBUG=1",
					"$(inherited)",
				);
				GCC_WARN_64_TO_32_BIT_CONVERSION = YES;
				GCC_WARN_ABOUT_RETURN_TYPE = YES_ERROR;
				GCC_WARN_UNDECLARED_SELECTOR = YES;
				GCC_WARN_UNINITIALIZED_AUTOS = YES_AGGRESSIVE;
				GCC_WARN_UNUSED_FUNCTION = YES;
				GCC_WARN_UNUSED_VARIABLE = YES;
				IPHONEOS_DEPLOYMENT_TARGET = 15.0;
				MTL_ENABLE_DEBUG_INFO = INCLUDE_SOURCE;
				MTL_FAST_MATH = YES;
				ONLY_ACTIVE_ARCH = YES;
				SDKROOT = iphoneos;
				SWIFT_ACTIVE_COMPILATION_CONDITIONS = DEBUG;
				SWIFT_OPTIMIZATION_LEVEL = "-Onone";
			};
			name = Debug;
		};
		4BC4056226F54540002BA1FB /* Release */ = {
			isa = XCBuildConfiguration;
			buildSettings = {
				ALWAYS_SEARCH_USER_PATHS = NO;
				CLANG_ANALYZER_NONNULL = YES;
				CLANG_ANALYZER_NUMBER_OBJECT_CONVERSION = YES_AGGRESSIVE;
				CLANG_CXX_LANGUAGE_STANDARD = "gnu++14";
				CLANG_CXX_LIBRARY = "libc++";
				CLANG_ENABLE_MODULES = YES;
				CLANG_ENABLE_OBJC_ARC = YES;
				CLANG_ENABLE_OBJC_WEAK = YES;
				CLANG_WARN_BLOCK_CAPTURE_AUTORELEASING = YES;
				CLANG_WARN_BOOL_CONVERSION = YES;
				CLANG_WARN_COMMA = YES;
				CLANG_WARN_CONSTANT_CONVERSION = YES;
				CLANG_WARN_DEPRECATED_OBJC_IMPLEMENTATIONS = YES;
				CLANG_WARN_DIRECT_OBJC_ISA_USAGE = YES_ERROR;
				CLANG_WARN_DOCUMENTATION_COMMENTS = YES;
				CLANG_WARN_EMPTY_BODY = YES;
				CLANG_WARN_ENUM_CONVERSION = YES;
				CLANG_WARN_INFINITE_RECURSION = YES;
				CLANG_WARN_INT_CONVERSION = YES;
				CLANG_WARN_NON_LITERAL_NULL_CONVERSION = YES;
				CLANG_WARN_OBJC_IMPLICIT_RETAIN_SELF = YES;
				CLANG_WARN_OBJC_LITERAL_CONVERSION = YES;
				CLANG_WARN_OBJC_ROOT_CLASS = YES_ERROR;
				CLANG_WARN_QUOTED_INCLUDE_IN_FRAMEWORK_HEADER = YES;
				CLANG_WARN_RANGE_LOOP_ANALYSIS = YES;
				CLANG_WARN_STRICT_PROTOTYPES = YES;
				CLANG_WARN_SUSPICIOUS_MOVE = YES;
				CLANG_WARN_UNGUARDED_AVAILABILITY = YES_AGGRESSIVE;
				CLANG_WARN_UNREACHABLE_CODE = YES;
				CLANG_WARN__DUPLICATE_METHOD_MATCH = YES;
				COPY_PHASE_STRIP = NO;
				DEBUG_INFORMATION_FORMAT = "dwarf-with-dsym";
				ENABLE_NS_ASSERTIONS = NO;
				ENABLE_STRICT_OBJC_MSGSEND = YES;
				GCC_C_LANGUAGE_STANDARD = gnu11;
				GCC_NO_COMMON_BLOCKS = YES;
				GCC_WARN_64_TO_32_BIT_CONVERSION = YES;
				GCC_WARN_ABOUT_RETURN_TYPE = YES_ERROR;
				GCC_WARN_UNDECLARED_SELECTOR = YES;
				GCC_WARN_UNINITIALIZED_AUTOS = YES_AGGRESSIVE;
				GCC_WARN_UNUSED_FUNCTION = YES;
				GCC_WARN_UNUSED_VARIABLE = YES;
				IPHONEOS_DEPLOYMENT_TARGET = 15.0;
				MTL_ENABLE_DEBUG_INFO = NO;
				MTL_FAST_MATH = YES;
				SDKROOT = iphoneos;
				SWIFT_COMPILATION_MODE = wholemodule;
				SWIFT_OPTIMIZATION_LEVEL = "-O";
				VALIDATE_PRODUCT = YES;
			};
			name = Release;
		};
		4BC4056426F54540002BA1FB /* Debug */ = {
			isa = XCBuildConfiguration;
			buildSettings = {
				ASSETCATALOG_COMPILER_APPICON_NAME = AppIcon;
				ASSETCATALOG_COMPILER_GLOBAL_ACCENT_COLOR_NAME = AccentColor;
				ASSETCATALOG_COMPILER_INCLUDE_ALL_APPICON_ASSETS = YES;
				CODE_SIGN_STYLE = Automatic;
				DEVELOPMENT_ASSET_PATHS = "\"Birthday Reminder/Preview Content\"";
				DEVELOPMENT_TEAM = ZQ9QM5K92D;
				ENABLE_PREVIEWS = YES;
				INFOPLIST_FILE = "Birthday Reminder/Info.plist";
				IPHONEOS_DEPLOYMENT_TARGET = 14.0;
				LD_RUNPATH_SEARCH_PATHS = (
					"$(inherited)",
					"@executable_path/Frameworks",
				);
				MARKETING_VERSION = 0.2.0;
				PRODUCT_BUNDLE_IDENTIFIER = "de.timo-reusch.Birthday-Reminder";
				PRODUCT_NAME = "$(TARGET_NAME)";
				SWIFT_VERSION = 5.0;
				TARGETED_DEVICE_FAMILY = "1,2";
			};
			name = Debug;
		};
		4BC4056526F54540002BA1FB /* Release */ = {
			isa = XCBuildConfiguration;
			buildSettings = {
				ASSETCATALOG_COMPILER_APPICON_NAME = AppIcon;
				ASSETCATALOG_COMPILER_GLOBAL_ACCENT_COLOR_NAME = AccentColor;
				ASSETCATALOG_COMPILER_INCLUDE_ALL_APPICON_ASSETS = YES;
				CODE_SIGN_STYLE = Automatic;
				DEVELOPMENT_ASSET_PATHS = "\"Birthday Reminder/Preview Content\"";
				DEVELOPMENT_TEAM = ZQ9QM5K92D;
				ENABLE_PREVIEWS = YES;
				INFOPLIST_FILE = "Birthday Reminder/Info.plist";
				IPHONEOS_DEPLOYMENT_TARGET = 14.0;
				LD_RUNPATH_SEARCH_PATHS = (
					"$(inherited)",
					"@executable_path/Frameworks",
				);
				MARKETING_VERSION = 0.2.0;
				PRODUCT_BUNDLE_IDENTIFIER = "de.timo-reusch.Birthday-Reminder";
				PRODUCT_NAME = "$(TARGET_NAME)";
				SWIFT_VERSION = 5.0;
				TARGETED_DEVICE_FAMILY = "1,2";
			};
			name = Release;
		};
/* End XCBuildConfiguration section */

/* Begin XCConfigurationList section */
		4BC4054F26F5453F002BA1FB /* Build configuration list for PBXProject "Birthday Reminder" */ = {
			isa = XCConfigurationList;
			buildConfigurations = (
				4BC4056126F54540002BA1FB /* Debug */,
				4BC4056226F54540002BA1FB /* Release */,
			);
			defaultConfigurationIsVisible = 0;
			defaultConfigurationName = Release;
		};
		4BC4056326F54540002BA1FB /* Build configuration list for PBXNativeTarget "Birthday Reminder" */ = {
			isa = XCConfigurationList;
			buildConfigurations = (
				4BC4056426F54540002BA1FB /* Debug */,
				4BC4056526F54540002BA1FB /* Release */,
			);
			defaultConfigurationIsVisible = 0;
			defaultConfigurationName = Release;
		};
/* End XCConfigurationList section */

/* Begin XCRemoteSwiftPackageReference section */
		4B1820AA2777B89300882736 /* XCRemoteSwiftPackageReference "lottie-ios" */ = {
			isa = XCRemoteSwiftPackageReference;
			repositoryURL = "https://github.com/airbnb/lottie-ios";
			requirement = {
				kind = upToNextMajorVersion;
				minimumVersion = 3.0.0;
			};
		};
/* End XCRemoteSwiftPackageReference section */

/* Begin XCSwiftPackageProductDependency section */
		4B1820AB2777B89300882736 /* Lottie */ = {
			isa = XCSwiftPackageProductDependency;
			package = 4B1820AA2777B89300882736 /* XCRemoteSwiftPackageReference "lottie-ios" */;
			productName = Lottie;
		};
/* End XCSwiftPackageProductDependency section */

/* Begin XCVersionGroup section */
		4B3E6E692773F882006C60D0 /* birthdayModel.xcdatamodeld */ = {
			isa = XCVersionGroup;
			children = (
				4B3E6E6A2773F882006C60D0 /* birthdayModel.xcdatamodel */,
			);
			currentVersion = 4B3E6E6A2773F882006C60D0 /* birthdayModel.xcdatamodel */;
			path = birthdayModel.xcdatamodeld;
			sourceTree = "<group>";
			versionGroupType = wrapper.xcdatamodel;
		};
/* End XCVersionGroup section */
	};
	rootObject = 4BC4054C26F5453F002BA1FB /* Project object */;
}
